
Microsoft Visual Studio Solution File, Format Version 12.00
# Visual Studio Version 16
VisualStudioVersion = 16.0.31624.102
MinimumVisualStudioVersion = 10.0.40219.1
Project("{9A19103F-16F7-4668-BE54-9A1E7A4F7556}") = "Emissor", "Emissor\Emissor.csproj", "{512D6202-D455-4C5F-836C-EACC014F028C}"
EndProject
Project("{9A19103F-16F7-4668-BE54-9A1E7A4F7556}") = "Consumidor", "Consumidor\Consumidor.csproj", "{4DB809AF-F3C0-4E99-9CB9-E783D7177C28}"
EndProject
Global
	GlobalSection(SolutionConfigurationPlatforms) = preSolution
		Debug|Any CPU = Debug|Any CPU
		Release|Any CPU = Release|Any CPU
	EndGlobalSection
	GlobalSection(ProjectConfigurationPlatforms) = postSolution
		{512D6202-D455-4C5F-836C-EACC014F028C}.Debug|Any CPU.ActiveCfg = Debug|Any CPU
		{512D6202-D455-4C5F-836C-EACC014F028C}.Debug|Any CPU.Build.0 = Debug|Any CPU
		{512D6202-D455-4C5F-836C-EACC014F028C}.Release|Any CPU.ActiveCfg = Release|Any CPU
		{512D6202-D455-4C5F-836C-EACC014F028C}.Release|Any CPU.Build.0 = Release|Any CPU
		{4DB809AF-F3C0-4E99-9CB9-E783D7177C28}.Debug|Any CPU.ActiveCfg = Debug|Any CPU
		{4DB809AF-F3C0-4E99-9CB9-E783D7177C28}.Debug|Any CPU.Build.0 = Debug|Any CPU
		{4DB809AF-F3C0-4E99-9CB9-E783D7177C28}.Release|Any CPU.ActiveCfg = Release|Any CPU
		{4DB809AF-F3C0-4E99-9CB9-E783D7177C28}.Release|Any CPU.Build.0 = Release|Any CPU
	EndGlobalSection
	GlobalSection(SolutionProperties) = preSolution
		HideSolutionNode = FALSE
	EndGlobalSection
	GlobalSection(ExtensibilityGlobals) = postSolution
		SolutionGuid = {B0D001B0-5006-4F1E-8C20-FD7C482024B3}
	EndGlobalSection
EndGlobal
